<?xml version="1.0" encoding="utf-8"?>
<Project ToolsVersion="4.0" xmlns="http://schemas.microsoft.com/developer/msbuild/2003">
  <ItemGroup>
    <Filter Include="Effects">
      <UniqueIdentifier>{C5078FB8-31E7-0D54-3AFF-982AA65D74B5}</UniqueIdentifier>
    </Filter>
    <Filter Include="Entities">
      <UniqueIdentifier>{8AA33B53-7670-965E-9F89-84068BB5CBEC}</UniqueIdentifier>
    </Filter>
    <Filter Include="Layers">
      <UniqueIdentifier>{157446C0-0116-7196-EAD0-84EAD611F8E6}</UniqueIdentifier>
    </Filter>
  </ItemGroup>
  <ItemGroup>
    <ClInclude Include="src\Core.h" />
    <ClInclude Include="src\Effects\ButtonEffect.h">
      <Filter>Effects</Filter>
    </ClInclude>
    <ClInclude Include="src\Effects\ParticleSystem.h">
      <Filter>Effects</Filter>
    </ClInclude>
    <ClInclude Include="src\Entities\AI.h">
      <Filter>Entities</Filter>
    </ClInclude>
    <ClInclude Include="src\Entities\Chess.h">
      <Filter>Entities</Filter>
    </ClInclude>
    <ClInclude Include="src\Entities\Chessboard.h">
      <Filter>Entities</Filter>
    </ClInclude>
    <ClInclude Include="src\Entities\CopyBoard.h">
      <Filter>Entities</Filter>
    </ClInclude>
    <ClInclude Include="src\Entities\SettingController.h">
      <Filter>Entities</Filter>
    </ClInclude>
    <ClInclude Include="src\Entities\UI.h">
      <Filter>Entities</Filter>
    </ClInclude>
    <ClInclude Include="src\Layers\ControlLayer.h">
      <Filter>Layers</Filter>
    </ClInclude>
    <ClInclude Include="src\Layers\GameLayer.h">
      <Filter>Layers</Filter>
    </ClInclude>
    <ClInclude Include="src\Layers\Menu.h">
      <Filter>Layers</Filter>
    </ClInclude>
    <ClInclude Include="src\Layers\ModeSelectLayer.h">
      <Filter>Layers</Filter>
    </ClInclude>
    <ClInclude Include="src\Layers\PauseLayer.h">
      <Filter>Layers</Filter>
    </ClInclude>
    <ClInclude Include="src\Layers\SettingLayer.h">
      <Filter>Layers</Filter>
    </ClInclude>
    <ClInclude Include="src\Layers\WinLayer.h">
      <Filter>Layers</Filter>
    </ClInclude>
    <ClInclude Include="src\Sandbox2D.h" />
  </ItemGroup>
  <ItemGroup>
    <ClCompile Include="src\Effects\ButtonEffect.cpp">
      <Filter>Effects</Filter>
    </ClCompile>
    <ClCompile Include="src\Effects\ParticleSystem.cpp">
      <Filter>Effects</Filter>
    </ClCompile>
    <ClCompile Include="src\Entities\AI.cpp">
      <Filter>Entities</Filter>
    </ClCompile>
    <ClCompile Include="src\Entities\Chess.cpp">
      <Filter>Entities</Filter>
    </ClCompile>
    <ClCompile Include="src\Entities\Chessboard.cpp">
      <Filter>Entities</Filter>
    </ClCompile>
    <ClCompile Include="src\Entities\SettingController.cpp">
      <Filter>Entities</Filter>
    </ClCompile>
    <ClCompile Include="src\Entities\UI.cpp">
      <Filter>Entities</Filter>
    </ClCompile>
    <ClCompile Include="src\GameApp(Active).cpp" />
    <ClCompile Include="src\Layers\ControlLayer.cpp">
      <Filter>Layers</Filter>
    </ClCompile>
    <ClCompile Include="src\Layers\GameLayer.cpp">
      <Filter>Layers</Filter>
    </ClCompile>
    <ClCompile Include="src\Layers\Menu.cpp">
      <Filter>Layers</Filter>
    </ClCompile>
    <ClCompile Include="src\Layers\ModeSelectLayer.cpp">
      <Filter>Layers</Filter>
    </ClCompile>
    <ClCompile Include="src\Layers\PauseLayer.cpp">
      <Filter>Layers</Filter>
    </ClCompile>
    <ClCompile Include="src\Layers\SettingLayer.cpp">
      <Filter>Layers</Filter>
    </ClCompile>
    <ClCompile Include="src\Layers\WinLayer.cpp">
      <Filter>Layers</Filter>
    </ClCompile>
    <ClCompile Include="src\Sandbox2D.cpp" />
    <ClCompile Include="src\SandboxApp.cpp" />
  </ItemGroup>
</Project>